
Microsoft Visual Studio Solution File, Format Version 12.00
# Visual Studio Version 16
VisualStudioVersion = 16.0.31112.23
MinimumVisualStudioVersion = 10.0.40219.1
Project("{FAE04EC0-301F-11D3-BF4B-00C04F79EFBC}") = "ProyectoFinal", "ProyectoFinal.csproj", "{55EFD3DF-98C1-46F7-B479-FF5F05A4A6A8}"
EndProject
Project("{FAE04EC0-301F-11D3-BF4B-00C04F79EFBC}") = "IntroduccionBases", "..\IntroduccionBases\IntroduccionBases.csproj", "{FC031DDD-DE32-40F9-8073-93540CA249A4}"
EndProject
Global
	GlobalSection(SolutionConfigurationPlatforms) = preSolution
		Debug|Any CPU = Debug|Any CPU
		Release|Any CPU = Release|Any CPU
	EndGlobalSection
	GlobalSection(ProjectConfigurationPlatforms) = postSolution
		{55EFD3DF-98C1-46F7-B479-FF5F05A4A6A8}.Debug|Any CPU.ActiveCfg = Debug|Any CPU
		{55EFD3DF-98C1-46F7-B479-FF5F05A4A6A8}.Debug|Any CPU.Build.0 = Debug|Any CPU
		{55EFD3DF-98C1-46F7-B479-FF5F05A4A6A8}.Release|Any CPU.ActiveCfg = Release|Any CPU
		{55EFD3DF-98C1-46F7-B479-FF5F05A4A6A8}.Release|Any CPU.Build.0 = Release|Any CPU
		{FC031DDD-DE32-40F9-8073-93540CA249A4}.Debug|Any CPU.ActiveCfg = Debug|Any CPU
		{FC031DDD-DE32-40F9-8073-93540CA249A4}.Debug|Any CPU.Build.0 = Debug|Any CPU
		{FC031DDD-DE32-40F9-8073-93540CA249A4}.Release|Any CPU.ActiveCfg = Release|Any CPU
		{FC031DDD-DE32-40F9-8073-93540CA249A4}.Release|Any CPU.Build.0 = Release|Any CPU
	EndGlobalSection
	GlobalSection(SolutionProperties) = preSolution
		HideSolutionNode = FALSE
	EndGlobalSection
	GlobalSection(ExtensibilityGlobals) = postSolution
		SolutionGuid = {6D3B6B21-E1CF-495E-8F5D-C5FDDF249E8A}
	EndGlobalSection
EndGlobal
